// !$*UTF8*$!
{
	archiveVersion = 1;
	classes = {
	};
	objectVersion = 77;
	objects = {

/* Begin PBXContainerItemProxy section */
		B5EEEDDF2F9E3CF600818CC9 /* PBXContainerItemProxy */ = {
			isa = PBXContainerItemProxy;
			containerPortal = B5EEEDC92F9E3CF500818CC9 /* Project object */;
			proxyType = 1;
			remoteGlobalIDString = B5EEEDD02F9E3CF500818CC9;
			remoteInfo = Seismic;
		};
		B5EEEDE92F9E3CF600818CC9 /* PBXContainerItemProxy */ = {
			isa = PBXContainerItemProxy;
			containerPortal = B5EEEDC92F9E3CF500818CC9 /* Project object */;
			proxyType = 1;
			remoteGlobalIDString = B5EEEDD02F9E3CF500818CC9;
			remoteInfo = Seismic;
		};
/* End PBXContainerItemProxy section */

/* Begin PBXFileReference section */
		B5EEEDD12F9E3CF500818CC9 /* Seismic.app */ = {isa = PBXFileReference; explicitFileType = wrapper.application; includeInIndex = 0; path = Seismic.app; sourceTree = BUILT_PRODUCTS_DIR; };
		B5EEEDDE2F9E3CF600818CC9 /* SeismicTests.xctest */ = {isa = PBXFileReference; explicitFileType = wrapper.cfbundle; includeInIndex = 0; path = SeismicTests.xctest; sourceTree = BUILT_PRODUCTS_DIR; };
		B5EEEDE82F9E3CF600818CC9 /* SeismicUITests.xctest */ = {isa = PBXFileReference; explicitFileType = wrapper.cfbundle; includeInIndex = 0; path = SeismicUITests.xctest; sourceTree = BUILT_PRODUCTS_DIR; };
/* End PBXFileReference section */

/* Begin PBXFileSystemSynchronizedRootGroup section */
		B5EEEDD32F9E3CF500818CC9 /* Seismic */ = {
			isa = PBXFileSystemSynchronizedRootGroup;
			path = Seismic;
			sourceTree = "<group>";
		};
		B5EEEDE12F9E3CF600818CC9 /* SeismicTests */ = {
			isa = PBXFileSystemSynchronizedRootGroup;
			path = SeismicTests;
			sourceTree = "<group>";
		};
		B5EEEDEB2F9E3CF600818CC9 /* SeismicUITests */ = {
			isa = PBXFileSystemSynchronizedRootGroup;
			path = SeismicUITests;
			sourceTree = "<group>";
		};
/* End PBXFileSystemSynchronizedRootGroup section */

/* Begin PBXFrameworksBuildPhase section */
		B5EEEDCE2F9E3CF500818CC9 /* Frameworks */ = {
			isa = PBXFrameworksBuildPhase;
			buildActionMask = 2147483647;
			files = (
			);
			runOnlyForDeploymentPostprocessing = 0;
		};
		B5EEEDDB2F9E3CF600818CC9 /* Frameworks */ = {
			isa = PBXFrameworksBuildPhase;
			buildActionMask = 2147483647;
			files = (
			);
			runOnlyForDeploymentPostprocessing = 0;
		};
		B5EEEDE52F9E3CF600818CC9 /* Frameworks */ = {
			isa = PBXFrameworksBuildPhase;
			buildActionMask = 2147483647;
			files = (
			);
			runOnlyForDeploymentPostprocessing = 0;
		};
/* End PBXFrameworksBuildPhase section */

/* Begin PBXGroup section */
		B5EEEDC82F9E3CF500818CC9 = {
			isa = PBXGroup;
			children = (
				B5EEEDD32F9E3CF500818CC9 /* Seismic */,
				B5EEEDE12F9E3CF600818CC9 /* SeismicTests */,
				B5EEEDEB2F9E3CF600818CC9 /* SeismicUITests */,
				B5EEEDD22F9E3CF500818CC9 /* Products */,
			);
			sourceTree = "<group>";
		};
		B5EEEDD22F9E3CF500818CC9 /* Products */ = {
			isa = PBXGroup;
			children = (
				B5EEEDD12F9E3CF500818CC9 /* Seismic.app */,
				B5EEEDDE2F9E3CF600818CC9 /* SeismicTests.xctest */,
				B5EEEDE82F9E3CF600818CC9 /* SeismicUITests.xctest */,
			);
			name = Products;
			sourceTree = "<group>";
		};
/* End PBXGroup section */

/* Begin PBXNativeTarget section */
		B5EEEDD02F9E3CF500818CC9 /* Seismic */ = {
			isa = PBXNativeTarget;
			buildConfigurationList = B5EEEDF22F9E3CF600818CC9 /* Build configuration list for PBXNativeTarget "Seismic" */;
			buildPhases = (
				B5EEEDCD2F9E3CF500818CC9 /* Sources */,
				B5EEEDCE2F9E3CF500818CC9 /* Frameworks */,
				B5EEEDCF2F9E3CF500818CC9 /* Resources */,
			);
			buildRules = (
			);
			dependencies = (
			);
			fileSystemSynchronizedGroups = (
				B5EEEDD32F9E3CF500818CC9 /* Seismic */,
			);
			name = Seismic;
			packageProductDependencies = (
			);
			productName = Seismic;
			productReference = B5EEEDD12F9E3CF500818CC9 /* Seismic.app */;
			productType = "com.apple.product-type.application";
		};
		B5EEEDDD2F9E3CF600818CC9 /* SeismicTests */ = {
			isa = PBXNativeTarget;
			buildConfigurationList = B5EEEDF52F9E3CF600818CC9 /* Build configuration list for PBXNativeTarget "SeismicTests" */;
			buildPhases = (
				B5EEEDDA2F9E3CF600818CC9 /* Sources */,
				B5EEEDDB2F9E3CF600818CC9 /* Frameworks */,
				B5EEEDDC2F9E3CF600818CC9 /* Resources */,
			);
			buildRules = (
			);
			dependencies = (
				B5EEEDE02F9E3CF600818CC9 /* PBXTargetDependency */,
			);
			fileSystemSynchronizedGroups = (
				B5EEEDE12F9E3CF600818CC9 /* SeismicTests */,
			);
			name = SeismicTests;
			packageProductDependencies = (
			);
			productName = SeismicTests;
			productReference = B5EEEDDE2F9E3CF600818CC9 /* SeismicTests.xctest */;
			productType = "com.apple.product-type.bundle.unit-test";
		};
		B5EEEDE72F9E3CF600818CC9 /* SeismicUITests */ = {
			isa = PBXNativeTarget;
			buildConfigurationList = B5EEEDF82F9E3CF600818CC9 /* Build configuration list for PBXNativeTarget "SeismicUITests" */;
			buildPhases = (
				B5EEEDE42F9E3CF600818CC9 /* Sources */,
				B5EEEDE52F9E3CF600818CC9 /* Frameworks */,
				B5EEEDE62F9E3CF600818CC9 /* Resources */,
			);
			buildRules = (
			);
			dependencies = (
				B5EEEDEA2F9E3CF600818CC9 /* PBXTargetDependency */,
			);
			fileSystemSynchronizedGroups = (
				B5EEEDEB2F9E3CF600818CC9 /* SeismicUITests */,
			);
			name = SeismicUITests;
			packageProductDependencies = (
			);
			productName = SeismicUITests;
			productReference = B5EEEDE82F9E3CF600818CC9 /* SeismicUITests.xctest */;
			productType = "com.apple.product-type.bundle.ui-testing";
		};
/* End PBXNativeTarget section */

/* Begin PBXProject section */
		B5EEEDC92F9E3CF500818CC9 /* Project object */ = {
			isa = PBXProject;
			attributes = {
				BuildIndependentTargetsInParallel = 1;
				LastSwiftUpdateCheck = 2640;
				LastUpgradeCheck = 2640;
				TargetAttributes = {
					B5EEEDD02F9E3CF500818CC9 = {
						CreatedOnToolsVersion = 26.4.1;
					};
					B5EEEDDD2F9E3CF600818CC9 = {
						CreatedOnToolsVersion = 26.4.1;
						TestTargetID = B5EEEDD02F9E3CF500818CC9;
					};
					B5EEEDE72F9E3CF600818CC9 = {
						CreatedOnToolsVersion = 26.4.1;
						TestTargetID = B5EEEDD02F9E3CF500818CC9;
					};
				};
			};
			buildConfigurationList = B5EEEDCC2F9E3CF500818CC9 /* Build configuration list for PBXProject "Seismic" */;
			developmentRegion = en;
			hasScannedForEncodings = 0;
			knownRegions = (
				en,
				Base,
			);
			mainGroup = B5EEEDC82F9E3CF500818CC9;
			minimizedProjectReferenceProxies = 1;
			preferredProjectObjectVersion = 77;
			productRefGroup = B5EEEDD22F9E3CF500818CC9 /* Products */;
			projectDirPath = "";
			projectRoot = "";
			targets = (
				B5EEEDD02F9E3CF500818CC9 /* Seismic */,
				B5EEEDDD2F9E3CF600818CC9 /* SeismicTests */,
				B5EEEDE72F9E3CF600818CC9 /* SeismicUITests */,
			);
		};
/* End PBXProject section */

/* Begin PBXResourcesBuildPhase section */
		B5EEEDCF2F9E3CF500818CC9 /* Resources */ = {
			isa = PBXResourcesBuildPhase;
			buildActionMask = 2147483647;
			files = (
			);
			runOnlyForDeploymentPostprocessing = 0;
		};
		B5EEEDDC2F9E3CF600818CC9 /* Resources */ = {
			isa = PBXResourcesBuildPhase;
			buildActionMask = 2147483647;
			files = (
			);
			runOnlyForDeploymentPostprocessing = 0;
		};
		B5EEEDE62F9E3CF600818CC9 /* Resources */ = {
			isa = PBXResourcesBuildPhase;
			buildActionMask = 2147483647;
			files = (
			);
			runOnlyForDeploymentPostprocessing = 0;
		};
/* End PBXResourcesBuildPhase section */

/* Begin PBXSourcesBuildPhase section */
		B5EEEDCD2F9E3CF500818CC9 /* Sources */ = {
			isa = PBXSourcesBuildPhase;
			buildActionMask = 2147483647;
			files = (
			);
			runOnlyForDeploymentPostprocessing = 0;
		};
		B5EEEDDA2F9E3CF600818CC9 /* Sources */ = {
			isa = PBXSourcesBuildPhase;
			buildActionMask = 2147483647;
			files = (
			);
			runOnlyForDeploymentPostprocessing = 0;
		};
		B5EEEDE42F9E3CF600818CC9 /* Sources */ = {
			isa = PBXSourcesBuildPhase;
			buildActionMask = 2147483647;
			files = (
			);
			runOnlyForDeploymentPostprocessing = 0;
		};
/* End PBXSourcesBuildPhase section */

/* Begin PBXTargetDependency section */
		B5EEEDE02F9E3CF600818CC9 /* PBXTargetDependency */ = {
			isa = PBXTargetDependency;
			target = B5EEEDD02F9E3CF500818CC9 /* Seismic */;
			targetProxy = B5EEEDDF2F9E3CF600818CC9 /* PBXContainerItemProxy */;
		};
		B5EEEDEA2F9E3CF600818CC9 /* PBXTargetDependency */ = {
			isa = PBXTargetDependency;
			target = B5EEEDD02F9E3CF500818CC9 /* Seismic */;
			targetProxy = B5EEEDE92F9E3CF600818CC9 /* PBXContainerItemProxy */;
		};
/* End PBXTargetDependency section */

/* Begin XCBuildConfiguration section */
		B5EEEDF02F9E3CF600818CC9 /* Debug */ = {
			isa = XCBuildConfiguration;
			buildSettings = {
				ALWAYS_SEARCH_USER_PATHS = NO;
				ASSETCATALOG_COMPILER_GENERATE_SWIFT_ASSET_SYMBOL_EXTENSIONS = YES;
				CLANG_ANALYZER_NONNULL = YES;
				CLANG_ANALYZER_NUMBER_OBJECT_CONVERSION = YES_AGGRESSIVE;
				CLANG_CXX_LANGUAGE_STANDARD = "gnu++20";
				CLANG_ENABLE_MODULES = YES;
				CLANG_ENABLE_OBJC_ARC = YES;
				CLANG_ENABLE_OBJC_WEAK = YES;
				CLANG_WARN_BLOCK_CAPTURE_AUTORELEASING = YES;
				CLANG_WARN_BOOL_CONVERSION = YES;
				CLANG_WARN_COMMA = YES;
				CLANG_WARN_CONSTANT_CONVERSION = YES;
				CLANG_WARN_DEPRECATED_OBJC_IMPLEMENTATIONS = YES;
				CLANG_WARN_DIRECT_OBJC_ISA_USAGE = YES_ERROR;
				CLANG_WARN_DOCUMENTATION_COMMENTS = YES;
				CLANG_WARN_EMPTY_BODY = YES;
				CLANG_WARN_ENUM_CONVERSION = YES;
				CLANG_WARN_INFINITE_RECURSION = YES;
				CLANG_WARN_INT_CONVERSION = YES;
				CLANG_WARN_NON_LITERAL_NULL_CONVERSION = YES;
				CLANG_WARN_OBJC_IMPLICIT_RETAIN_SELF = YES;
				CLANG_WARN_OBJC_LITERAL_CONVERSION = YES;
				CLANG_WARN_OBJC_ROOT_CLASS = YES_ERROR;
				CLANG_WARN_QUOTED_INCLUDE_IN_FRAMEWORK_HEADER = YES;
				CLANG_WARN_RANGE_LOOP_ANALYSIS = YES;
				CLANG_WARN_STRICT_PROTOTYPES = YES;
				CLANG_WARN_SUSPICIOUS_MOVE = YES;
				CLANG_WARN_UNGUARDED_AVAILABILITY = YES_AGGRESSIVE;
				CLANG_WARN_UNREACHABLE_CODE = YES;
				CLANG_WARN__DUPLICATE_METHOD_MATCH = YES;
				COPY_PHASE_STRIP = NO;
				DEBUG_INFORMATION_FORMAT = dwarf;
				DEVELOPMENT_TEAM = QMSUBPG3D5;
				ENABLE_STRICT_OBJC_MSGSEND = YES;
				ENABLE_TESTABILITY = YES;
				ENABLE_USER_SCRIPT_SANDBOXING = YES;
				GCC_C_LANGUAGE_STANDARD = gnu17;
				GCC_DYNAMIC_NO_PIC = NO;
				GCC_NO_COMMON_BLOCKS = YES;
				GCC_OPTIMIZATION_LEVEL = 0;
				GCC_PREPROCESSOR_DEFINITIONS = (
					"DEBUG=1",
					"$(inherited)",
				);
				GCC_WARN_64_TO_32_BIT_CONVERSION = YES;
				GCC_WARN_ABOUT_RETURN_TYPE = YES_ERROR;
				GCC_WARN_UNDECLARED_SELECTOR = YES;
				GCC_WARN_UNINITIALIZED_AUTOS = YES_AGGRESSIVE;
				GCC_WARN_UNUSED_FUNCTION = YES;
				GCC_WARN_UNUSED_VARIABLE = YES;
				IPHONEOS_DEPLOYMENT_TARGET = 26.4;
				LOCALIZATION_PREFERS_STRING_CATALOGS = YES;
				MTL_ENABLE_DEBUG_INFO = INCLUDE_SOURCE;
				MTL_FAST_MATH = YES;
				ONLY_ACTIVE_ARCH = YES;
				SDKROOT = iphoneos;
				SWIFT_ACTIVE_COMPILATION_CONDITIONS = "DEBUG $(inherited)";
				SWIFT_OPTIMIZATION_LEVEL = "-Onone";
			};
			name = Debug;
		};
		B5EEEDF12F9E3CF600818CC9 /* Release */ = {
			isa = XCBuildConfiguration;
			buildSettings = {
				ALWAYS_SEARCH_USER_PATHS = NO;
				ASSETCATALOG_COMPILER_GENERATE_SWIFT_ASSET_SYMBOL_EXTENSIONS = YES;
				CLANG_ANALYZER_NONNULL = YES;
				CLANG_ANALYZER_NUMBER_OBJECT_CONVERSION = YES_AGGRESSIVE;
				CLANG_CXX_LANGUAGE_STANDARD = "gnu++20";
				CLANG_ENABLE_MODULES = YES;
				CLANG_ENABLE_OBJC_ARC = YES;
				CLANG_ENABLE_OBJC_WEAK = YES;
				CLANG_WARN_BLOCK_CAPTURE_AUTORELEASING = YES;
				CLANG_WARN_BOOL_CONVERSION = YES;
				CLANG_WARN_COMMA = YES;
				CLANG_WARN_CONSTANT_CONVERSION = YES;
				CLANG_WARN_DEPRECATED_OBJC_IMPLEMENTATIONS = YES;
				CLANG_WARN_DIRECT_OBJC_ISA_USAGE = YES_ERROR;
				CLANG_WARN_DOCUMENTATION_COMMENTS = YES;
				CLANG_WARN_EMPTY_BODY = YES;
				CLANG_WARN_ENUM_CONVERSION = YES;
				CLANG_WARN_INFINITE_RECURSION = YES;
				CLANG_WARN_INT_CONVERSION = YES;
				CLANG_WARN_NON_LITERAL_NULL_CONVERSION = YES;
				CLANG_WARN_OBJC_IMPLICIT_RETAIN_SELF = YES;
				CLANG_WARN_OBJC_LITERAL_CONVERSION = YES;
				CLANG_WARN_OBJC_ROOT_CLASS = YES_ERROR;
				CLANG_WARN_QUOTED_INCLUDE_IN_FRAMEWORK_HEADER = YES;
				CLANG_WARN_RANGE_LOOP_ANALYSIS = YES;
				CLANG_WARN_STRICT_PROTOTYPES = YES;
				CLANG_WARN_SUSPICIOUS_MOVE = YES;
				CLANG_WARN_UNGUARDED_AVAILABILITY = YES_AGGRESSIVE;
				CLANG_WARN_UNREACHABLE_CODE = YES;
				CLANG_WARN__DUPLICATE_METHOD_MATCH = YES;
				COPY_PHASE_STRIP = NO;
				DEBUG_INFORMATION_FORMAT = "dwarf-with-dsym";
				DEVELOPMENT_TEAM = QMSUBPG3D5;
				ENABLE_NS_ASSERTIONS = NO;
				ENABLE_STRICT_OBJC_MSGSEND = YES;
				ENABLE_USER_SCRIPT_SANDBOXING = YES;
				GCC_C_LANGUAGE_STANDARD = gnu17;
				GCC_NO_COMMON_BLOCKS = YES;
				GCC_WARN_64_TO_32_BIT_CONVERSION = YES;
				GCC_WARN_ABOUT_RETURN_TYPE = YES_ERROR;
				GCC_WARN_UNDECLARED_SELECTOR = YES;
				GCC_WARN_UNINITIALIZED_AUTOS = YES_AGGRESSIVE;
				GCC_WARN_UNUSED_FUNCTION = YES;
				GCC_WARN_UNUSED_VARIABLE = YES;
				IPHONEOS_DEPLOYMENT_TARGET = 26.4;
				LOCALIZATION_PREFERS_STRING_CATALOGS = YES;
				MTL_ENABLE_DEBUG_INFO = NO;
				MTL_FAST_MATH = YES;
				SDKROOT = iphoneos;
				SWIFT_COMPILATION_MODE = wholemodule;
				VALIDATE_PRODUCT = YES;
			};
			name = Release;
		};
		B5EEEDF32F9E3CF600818CC9 /* Debug */ = {
			isa = XCBuildConfiguration;
			buildSettings = {
				ASSETCATALOG_COMPILER_APPICON_NAME = AppIcon;
				ASSETCATALOG_COMPILER_GLOBAL_ACCENT_COLOR_NAME = AccentColor;
				CODE_SIGN_STYLE = Automatic;
				CURRENT_PROJECT_VERSION = 1;
				DEVELOPMENT_TEAM = QMSUBPG3D5;
				ENABLE_PREVIEWS = YES;
				GENERATE_INFOPLIST_FILE = YES;
				INFOPLIST_KEY_CFBundleDisplayName = "Seismic Shifts";
				INFOPLIST_KEY_ITSAppUsesNonExemptEncryption = NO;
				INFOPLIST_KEY_NSMicrophoneUsageDescription = "Seismic Shifts continuously listens to the gallery space to render acoustic presence as a seismograph trace.";
				INFOPLIST_KEY_UIApplicationSceneManifest_Generation = YES;
				INFOPLIST_KEY_UIApplicationSupportsIndirectInputEvents = YES;
				INFOPLIST_KEY_UILaunchScreen_Generation = YES;
				INFOPLIST_KEY_UISupportedInterfaceOrientations_iPad = "UIInterfaceOrientationLandscapeLeft UIInterfaceOrientationLandscapeRight";
				INFOPLIST_KEY_UISupportedInterfaceOrientations_iPhone = "UIInterfaceOrientationLandscapeLeft UIInterfaceOrientationLandscapeRight";
				LD_RUNPATH_SEARCH_PATHS = (
					"$(inherited)",
					"@executable_path/Frameworks",
				);
				MARKETING_VERSION = 0.1;
				PRODUCT_BUNDLE_IDENTIFIER = me.ravivasavan.Seismic;
				PRODUCT_NAME = "$(TARGET_NAME)";
				STRING_CATALOG_GENERATE_SYMBOLS = YES;
				SUPPORTS_MAC_DESIGNED_FOR_IPHONE_IPAD = NO;
				SUPPORTS_XR_DESIGNED_FOR_IPHONE_IPAD = NO;
				SWIFT_APPROACHABLE_CONCURRENCY = YES;
				SWIFT_DEFAULT_ACTOR_ISOLATION = MainActor;
				SWIFT_EMIT_LOC_STRINGS = YES;
				SWIFT_UPCOMING_FEATURE_MEMBER_IMPORT_VISIBILITY = YES;
				SWIFT_VERSION = 5.0;
				TARGETED_DEVICE_FAMILY = 2;
			};
			name = Debug;
		};
		B5EEEDF42F9E3CF600818CC9 /* Release */ = {
			isa = XCBuildConfiguration;
			buildSettings = {
				ASSETCATALOG_COMPILER_APPICON_NAME = AppIcon;
				ASSETCATALOG_COMPILER_GLOBAL_ACCENT_COLOR_NAME = AccentColor;
				CODE_SIGN_STYLE = Automatic;
				CURRENT_PROJECT_VERSION = 1;
				DEVELOPMENT_TEAM = QMSUBPG3D5;
				ENABLE_PREVIEWS = YES;
				GENERATE_INFOPLIST_FILE = YES;
				INFOPLIST_KEY_CFBundleDisplayName = "Seismic Shifts";
				INFOPLIST_KEY_ITSAppUsesNonExemptEncryption = NO;
				INFOPLIST_KEY_NSMicrophoneUsageDescription = "Seismic Shifts continuously listens to the gallery space to render acoustic presence as a seismograph trace.";
				INFOPLIST_KEY_UIApplicationSceneManifest_Generation = YES;
				INFOPLIST_KEY_UIApplicationSupportsIndirectInputEvents = YES;
				INFOPLIST_KEY_UILaunchScreen_Generation = YES;
				INFOPLIST_KEY_UISupportedInterfaceOrientations_iPad = "UIInterfaceOrientationLandscapeLeft UIInterfaceOrientationLandscapeRight";
				INFOPLIST_KEY_UISupportedInterfaceOrientations_iPhone = "UIInterfaceOrientationLandscapeLeft UIInterfaceOrientationLandscapeRight";
				LD_RUNPATH_SEARCH_PATHS = (
					"$(inherited)",
					"@executable_path/Frameworks",
				);
				MARKETING_VERSION = 0.1;
				PRODUCT_BUNDLE_IDENTIFIER = me.ravivasavan.Seismic;
				PRODUCT_NAME = "$(TARGET_NAME)";
				STRING_CATALOG_GENERATE_SYMBOLS = YES;
				SUPPORTS_MAC_DESIGNED_FOR_IPHONE_IPAD = NO;
				SUPPORTS_XR_DESIGNED_FOR_IPHONE_IPAD = NO;
				SWIFT_APPROACHABLE_CONCURRENCY = YES;
				SWIFT_DEFAULT_ACTOR_ISOLATION = MainActor;
				SWIFT_EMIT_LOC_STRINGS = YES;
				SWIFT_UPCOMING_FEATURE_MEMBER_IMPORT_VISIBILITY = YES;
				SWIFT_VERSION = 5.0;
				TARGETED_DEVICE_FAMILY = 2;
			};
			name = Release;
		};
		B5EEEDF62F9E3CF600818CC9 /* Debug */ = {
			isa = XCBuildConfiguration;
			buildSettings = {
				BUNDLE_LOADER = "$(TEST_HOST)";
				CODE_SIGN_STYLE = Automatic;
				CURRENT_PROJECT_VERSION = 1;
				DEVELOPMENT_TEAM = QMSUBPG3D5;
				GENERATE_INFOPLIST_FILE = YES;
				IPHONEOS_DEPLOYMENT_TARGET = 26.4;
				MARKETING_VERSION = 0.1;
				PRODUCT_BUNDLE_IDENTIFIER = me.ravivasavan.SeismicTests;
				PRODUCT_NAME = "$(TARGET_NAME)";
				STRING_CATALOG_GENERATE_SYMBOLS = NO;
				SWIFT_APPROACHABLE_CONCURRENCY = YES;
				SWIFT_EMIT_LOC_STRINGS = NO;
				SWIFT_UPCOMING_FEATURE_MEMBER_IMPORT_VISIBILITY = YES;
				SWIFT_VERSION = 5.0;
				TARGETED_DEVICE_FAMILY = 2;
				TEST_HOST = "$(BUILT_PRODUCTS_DIR)/Seismic.app/$(BUNDLE_EXECUTABLE_FOLDER_PATH)/Seismic";
			};
			name = Debug;
		};
		B5EEEDF72F9E3CF600818CC9 /* Release */ = {
			isa = XCBuildConfiguration;
			buildSettings = {
				BUNDLE_LOADER = "$(TEST_HOST)";
				CODE_SIGN_STYLE = Automatic;
				CURRENT_PROJECT_VERSION = 1;
				DEVELOPMENT_TEAM = QMSUBPG3D5;
				GENERATE_INFOPLIST_FILE = YES;
				IPHONEOS_DEPLOYMENT_TARGET = 26.4;
				MARKETING_VERSION = 0.1;
				PRODUCT_BUNDLE_IDENTIFIER = me.ravivasavan.SeismicTests;
				PRODUCT_NAME = "$(TARGET_NAME)";
				STRING_CATALOG_GENERATE_SYMBOLS = NO;
				SWIFT_APPROACHABLE_CONCURRENCY = YES;
				SWIFT_EMIT_LOC_STRINGS = NO;
				SWIFT_UPCOMING_FEATURE_MEMBER_IMPORT_VISIBILITY = YES;
				SWIFT_VERSION = 5.0;
				TARGETED_DEVICE_FAMILY = 2;
				TEST_HOST = "$(BUILT_PRODUCTS_DIR)/Seismic.app/$(BUNDLE_EXECUTABLE_FOLDER_PATH)/Seismic";
			};
			name = Release;
		};
		B5EEEDF92F9E3CF600818CC9 /* Debug */ = {
			isa = XCBuildConfiguration;
			buildSettings = {
				CODE_SIGN_STYLE = Automatic;
				CURRENT_PROJECT_VERSION = 1;
				DEVELOPMENT_TEAM = QMSUBPG3D5;
				GENERATE_INFOPLIST_FILE = YES;
				MARKETING_VERSION = 0.1;
				PRODUCT_BUNDLE_IDENTIFIER = me.ravivasavan.SeismicUITests;
				PRODUCT_NAME = "$(TARGET_NAME)";
				STRING_CATALOG_GENERATE_SYMBOLS = NO;
				SWIFT_APPROACHABLE_CONCURRENCY = YES;
				SWIFT_EMIT_LOC_STRINGS = NO;
				SWIFT_UPCOMING_FEATURE_MEMBER_IMPORT_VISIBILITY = YES;
				SWIFT_VERSION = 5.0;
				TARGETED_DEVICE_FAMILY = 2;
				TEST_TARGET_NAME = Seismic;
			};
			name = Debug;
		};
		B5EEEDFA2F9E3CF600818CC9 /* Release */ = {
			isa = XCBuildConfiguration;
			buildSettings = {
				CODE_SIGN_STYLE = Automatic;
				CURRENT_PROJECT_VERSION = 1;
				DEVELOPMENT_TEAM = QMSUBPG3D5;
				GENERATE_INFOPLIST_FILE = YES;
				MARKETING_VERSION = 0.1;
				PRODUCT_BUNDLE_IDENTIFIER = me.ravivasavan.SeismicUITests;
				PRODUCT_NAME = "$(TARGET_NAME)";
				STRING_CATALOG_GENERATE_SYMBOLS = NO;
				SWIFT_APPROACHABLE_CONCURRENCY = YES;
				SWIFT_EMIT_LOC_STRINGS = NO;
				SWIFT_UPCOMING_FEATURE_MEMBER_IMPORT_VISIBILITY = YES;
				SWIFT_VERSION = 5.0;
				TARGETED_DEVICE_FAMILY = 2;
				TEST_TARGET_NAME = Seismic;
			};
			name = Release;
		};
/* End XCBuildConfiguration section */

/* Begin XCConfigurationList section */
		B5EEEDCC2F9E3CF500818CC9 /* Build configuration list for PBXProject "Seismic" */ = {
			isa = XCConfigurationList;
			buildConfigurations = (
				B5EEEDF02F9E3CF600818CC9 /* Debug */,
				B5EEEDF12F9E3CF600818CC9 /* Release */,
			);
			defaultConfigurationIsVisible = 0;
			defaultConfigurationName = Release;
		};
		B5EEEDF22F9E3CF600818CC9 /* Build configuration list for PBXNativeTarget "Seismic" */ = {
			isa = XCConfigurationList;
			buildConfigurations = (
				B5EEEDF32F9E3CF600818CC9 /* Debug */,
				B5EEEDF42F9E3CF600818CC9 /* Release */,
			);
			defaultConfigurationIsVisible = 0;
			defaultConfigurationName = Release;
		};
		B5EEEDF52F9E3CF600818CC9 /* Build configuration list for PBXNativeTarget "SeismicTests" */ = {
			isa = XCConfigurationList;
			buildConfigurations = (
				B5EEEDF62F9E3CF600818CC9 /* Debug */,
				B5EEEDF72F9E3CF600818CC9 /* Release */,
			);
			defaultConfigurationIsVisible = 0;
			defaultConfigurationName = Release;
		};
		B5EEEDF82F9E3CF600818CC9 /* Build configuration list for PBXNativeTarget "SeismicUITests" */ = {
			isa = XCConfigurationList;
			buildConfigurations = (
				B5EEEDF92F9E3CF600818CC9 /* Debug */,
				B5EEEDFA2F9E3CF600818CC9 /* Release */,
			);
			defaultConfigurationIsVisible = 0;
			defaultConfigurationName = Release;
		};
/* End XCConfigurationList section */
	};
	rootObject = B5EEEDC92F9E3CF500818CC9 /* Project object */;
}
